
Microsoft Visual Studio Solution File, Format Version 12.00
# Visual Studio Version 16
VisualStudioVersion = 16.0.29911.98
MinimumVisualStudioVersion = 15.0.26124.0
Project("{9A19103F-16F7-4668-BE54-9A1E7A4F7556}") = "Domain", "Domain\Domain.csproj", "{EBA8AB80-256D-43CA-9C98-A3EF83C9A855}"
EndProject
Project("{9A19103F-16F7-4668-BE54-9A1E7A4F7556}") = "Application", "Application\Application.csproj", "{E5206555-9627-4E8B-B3BB-9CEC01B17DFF}"
EndProject
Project("{9A19103F-16F7-4668-BE54-9A1E7A4F7556}") = "Persistence", "Persistence\Persistence.csproj", "{894406A0-E30D-48ED-BFB9-AF6452A87E5B}"
EndProject
Project("{9A19103F-16F7-4668-BE54-9A1E7A4F7556}") = "API", "API\API.csproj", "{E76836FE-4B46-4949-B7E7-6B7C42ACBF4E}"
EndProject
Project("{E24C65DC-7377-472B-9ABA-BC803B73C61A}") = "client-app", "client-app\", "{D09B6778-0044-4CD3-A847-DD52B925C3FF}"
	ProjectSection(WebsiteProperties) = preProject
		TargetFrameworkMoniker = ".NETFramework,Version%3Dv4.0"
		Debug.AspNetCompiler.VirtualPath = "/localhost_50033"
		Debug.AspNetCompiler.PhysicalPath = "client-app\"
		Debug.AspNetCompiler.TargetPath = "PrecompiledWeb\localhost_50033\"
		Debug.AspNetCompiler.Updateable = "true"
		Debug.AspNetCompiler.ForceOverwrite = "true"
		Debug.AspNetCompiler.FixedNames = "false"
		Debug.AspNetCompiler.Debug = "True"
		Release.AspNetCompiler.VirtualPath = "/localhost_50033"
		Release.AspNetCompiler.PhysicalPath = "client-app\"
		Release.AspNetCompiler.TargetPath = "PrecompiledWeb\localhost_50033\"
		Release.AspNetCompiler.Updateable = "true"
		Release.AspNetCompiler.ForceOverwrite = "true"
		Release.AspNetCompiler.FixedNames = "false"
		Release.AspNetCompiler.Debug = "False"
		VWDPort = "50033"
		SlnRelativePath = "client-app\"
	EndProjectSection
EndProject
Global
	GlobalSection(SolutionConfigurationPlatforms) = preSolution
		Debug|Any CPU = Debug|Any CPU
		Debug|x64 = Debug|x64
		Debug|x86 = Debug|x86
		Release|Any CPU = Release|Any CPU
		Release|x64 = Release|x64
		Release|x86 = Release|x86
	EndGlobalSection
	GlobalSection(ProjectConfigurationPlatforms) = postSolution
		{EBA8AB80-256D-43CA-9C98-A3EF83C9A855}.Debug|Any CPU.ActiveCfg = Debug|Any CPU
		{EBA8AB80-256D-43CA-9C98-A3EF83C9A855}.Debug|Any CPU.Build.0 = Debug|Any CPU
		{EBA8AB80-256D-43CA-9C98-A3EF83C9A855}.Debug|x64.ActiveCfg = Debug|Any CPU
		{EBA8AB80-256D-43CA-9C98-A3EF83C9A855}.Debug|x64.Build.0 = Debug|Any CPU
		{EBA8AB80-256D-43CA-9C98-A3EF83C9A855}.Debug|x86.ActiveCfg = Debug|Any CPU
		{EBA8AB80-256D-43CA-9C98-A3EF83C9A855}.Debug|x86.Build.0 = Debug|Any CPU
		{EBA8AB80-256D-43CA-9C98-A3EF83C9A855}.Release|Any CPU.ActiveCfg = Release|Any CPU
		{EBA8AB80-256D-43CA-9C98-A3EF83C9A855}.Release|Any CPU.Build.0 = Release|Any CPU
		{EBA8AB80-256D-43CA-9C98-A3EF83C9A855}.Release|x64.ActiveCfg = Release|Any CPU
		{EBA8AB80-256D-43CA-9C98-A3EF83C9A855}.Release|x64.Build.0 = Release|Any CPU
		{EBA8AB80-256D-43CA-9C98-A3EF83C9A855}.Release|x86.ActiveCfg = Release|Any CPU
		{EBA8AB80-256D-43CA-9C98-A3EF83C9A855}.Release|x86.Build.0 = Release|Any CPU
		{E5206555-9627-4E8B-B3BB-9CEC01B17DFF}.Debug|Any CPU.ActiveCfg = Debug|Any CPU
		{E5206555-9627-4E8B-B3BB-9CEC01B17DFF}.Debug|Any CPU.Build.0 = Debug|Any CPU
		{E5206555-9627-4E8B-B3BB-9CEC01B17DFF}.Debug|x64.ActiveCfg = Debug|Any CPU
		{E5206555-9627-4E8B-B3BB-9CEC01B17DFF}.Debug|x64.Build.0 = Debug|Any CPU
		{E5206555-9627-4E8B-B3BB-9CEC01B17DFF}.Debug|x86.ActiveCfg = Debug|Any CPU
		{E5206555-9627-4E8B-B3BB-9CEC01B17DFF}.Debug|x86.Build.0 = Debug|Any CPU
		{E5206555-9627-4E8B-B3BB-9CEC01B17DFF}.Release|Any CPU.ActiveCfg = Release|Any CPU
		{E5206555-9627-4E8B-B3BB-9CEC01B17DFF}.Release|Any CPU.Build.0 = Release|Any CPU
		{E5206555-9627-4E8B-B3BB-9CEC01B17DFF}.Release|x64.ActiveCfg = Release|Any CPU
		{E5206555-9627-4E8B-B3BB-9CEC01B17DFF}.Release|x64.Build.0 = Release|Any CPU
		{E5206555-9627-4E8B-B3BB-9CEC01B17DFF}.Release|x86.ActiveCfg = Release|Any CPU
		{E5206555-9627-4E8B-B3BB-9CEC01B17DFF}.Release|x86.Build.0 = Release|Any CPU
		{894406A0-E30D-48ED-BFB9-AF6452A87E5B}.Debug|Any CPU.ActiveCfg = Debug|Any CPU
		{894406A0-E30D-48ED-BFB9-AF6452A87E5B}.Debug|Any CPU.Build.0 = Debug|Any CPU
		{894406A0-E30D-48ED-BFB9-AF6452A87E5B}.Debug|x64.ActiveCfg = Debug|Any CPU
		{894406A0-E30D-48ED-BFB9-AF6452A87E5B}.Debug|x64.Build.0 = Debug|Any CPU
		{894406A0-E30D-48ED-BFB9-AF6452A87E5B}.Debug|x86.ActiveCfg = Debug|Any CPU
		{894406A0-E30D-48ED-BFB9-AF6452A87E5B}.Debug|x86.Build.0 = Debug|Any CPU
		{894406A0-E30D-48ED-BFB9-AF6452A87E5B}.Release|Any CPU.ActiveCfg = Release|Any CPU
		{894406A0-E30D-48ED-BFB9-AF6452A87E5B}.Release|Any CPU.Build.0 = Release|Any CPU
		{894406A0-E30D-48ED-BFB9-AF6452A87E5B}.Release|x64.ActiveCfg = Release|Any CPU
		{894406A0-E30D-48ED-BFB9-AF6452A87E5B}.Release|x64.Build.0 = Release|Any CPU
		{894406A0-E30D-48ED-BFB9-AF6452A87E5B}.Release|x86.ActiveCfg = Release|Any CPU
		{894406A0-E30D-48ED-BFB9-AF6452A87E5B}.Release|x86.Build.0 = Release|Any CPU
		{E76836FE-4B46-4949-B7E7-6B7C42ACBF4E}.Debug|Any CPU.ActiveCfg = Debug|Any CPU
		{E76836FE-4B46-4949-B7E7-6B7C42ACBF4E}.Debug|Any CPU.Build.0 = Debug|Any CPU
		{E76836FE-4B46-4949-B7E7-6B7C42ACBF4E}.Debug|x64.ActiveCfg = Debug|Any CPU
		{E76836FE-4B46-4949-B7E7-6B7C42ACBF4E}.Debug|x64.Build.0 = Debug|Any CPU
		{E76836FE-4B46-4949-B7E7-6B7C42ACBF4E}.Debug|x86.ActiveCfg = Debug|Any CPU
		{E76836FE-4B46-4949-B7E7-6B7C42ACBF4E}.Debug|x86.Build.0 = Debug|Any CPU
		{E76836FE-4B46-4949-B7E7-6B7C42ACBF4E}.Release|Any CPU.ActiveCfg = Release|Any CPU
		{E76836FE-4B46-4949-B7E7-6B7C42ACBF4E}.Release|Any CPU.Build.0 = Release|Any CPU
		{E76836FE-4B46-4949-B7E7-6B7C42ACBF4E}.Release|x64.ActiveCfg = Release|Any CPU
		{E76836FE-4B46-4949-B7E7-6B7C42ACBF4E}.Release|x64.Build.0 = Release|Any CPU
		{E76836FE-4B46-4949-B7E7-6B7C42ACBF4E}.Release|x86.ActiveCfg = Release|Any CPU
		{E76836FE-4B46-4949-B7E7-6B7C42ACBF4E}.Release|x86.Build.0 = Release|Any CPU
		{D09B6778-0044-4CD3-A847-DD52B925C3FF}.Debug|Any CPU.ActiveCfg = Debug|Any CPU
		{D09B6778-0044-4CD3-A847-DD52B925C3FF}.Debug|Any CPU.Build.0 = Debug|Any CPU
		{D09B6778-0044-4CD3-A847-DD52B925C3FF}.Debug|x64.ActiveCfg = Debug|Any CPU
		{D09B6778-0044-4CD3-A847-DD52B925C3FF}.Debug|x64.Build.0 = Debug|Any CPU
		{D09B6778-0044-4CD3-A847-DD52B925C3FF}.Debug|x86.ActiveCfg = Debug|Any CPU
		{D09B6778-0044-4CD3-A847-DD52B925C3FF}.Debug|x86.Build.0 = Debug|Any CPU
		{D09B6778-0044-4CD3-A847-DD52B925C3FF}.Release|Any CPU.ActiveCfg = Debug|Any CPU
		{D09B6778-0044-4CD3-A847-DD52B925C3FF}.Release|Any CPU.Build.0 = Debug|Any CPU
		{D09B6778-0044-4CD3-A847-DD52B925C3FF}.Release|x64.ActiveCfg = Debug|Any CPU
		{D09B6778-0044-4CD3-A847-DD52B925C3FF}.Release|x64.Build.0 = Debug|Any CPU
		{D09B6778-0044-4CD3-A847-DD52B925C3FF}.Release|x86.ActiveCfg = Debug|Any CPU
		{D09B6778-0044-4CD3-A847-DD52B925C3FF}.Release|x86.Build.0 = Debug|Any CPU
	EndGlobalSection
	GlobalSection(SolutionProperties) = preSolution
		HideSolutionNode = FALSE
	EndGlobalSection
	GlobalSection(ExtensibilityGlobals) = postSolution
		SolutionGuid = {BDEC1A0A-1D7E-4A26-8BB3-78DFC13E1966}
	EndGlobalSection
EndGlobal
